
Microsoft Visual Studio Solution File, Format Version 12.00
# Visual Studio Version 16
VisualStudioVersion = 16.0.810.11
MinimumVisualStudioVersion = 10.0.40219.1
Project("{FAE04EC0-301F-11D3-BF4B-00C04F79EFBC}") = "FirstStepsASPNETCore", "FirstStepsASPNETCore\FirstStepsASPNETCore.csproj", "{189595D9-BD63-4900-B4EA-B5D2D34A0E76}"
EndProject
Global
	GlobalSection(SolutionConfigurationPlatforms) = preSolution
		Debug|Any CPU = Debug|Any CPU
		Release|Any CPU = Release|Any CPU
	EndGlobalSection
	GlobalSection(ProjectConfigurationPlatforms) = postSolution
		{189595D9-BD63-4900-B4EA-B5D2D34A0E76}.Debug|Any CPU.ActiveCfg = Debug|Any CPU
		{189595D9-BD63-4900-B4EA-B5D2D34A0E76}.Debug|Any CPU.Build.0 = Debug|Any CPU
		{189595D9-BD63-4900-B4EA-B5D2D34A0E76}.Release|Any CPU.ActiveCfg = Release|Any CPU
		{189595D9-BD63-4900-B4EA-B5D2D34A0E76}.Release|Any CPU.Build.0 = Release|Any CPU
	EndGlobalSection
	GlobalSection(SolutionProperties) = preSolution
		HideSolutionNode = FALSE
	EndGlobalSection
	GlobalSection(ExtensibilityGlobals) = postSolution
		SolutionGuid = {5B61FD41-E9DC-4F77-B7A6-E14E04DC7AC4}
	EndGlobalSection
EndGlobal
